
Microsoft Visual Studio Solution File, Format Version 12.00
# Visual Studio Version 17
VisualStudioVersion = 17.8.34316.72
MinimumVisualStudioVersion = 10.0.40219.1
Project("{9A19103F-16F7-4668-BE54-9A1E7A4F7556}") = "Day-XX", "Day-XX\Day-XX.csproj", "{2F3CBA2B-DBC8-4F2B-BEDF-A57D506A475B}"
EndProject
Project("{9A19103F-16F7-4668-BE54-9A1E7A4F7556}") = "Day-01", "Day-01\Day-01.csproj", "{9CA86F81-3986-4C48-B80C-670082F5EA12}"
EndProject
Project("{9A19103F-16F7-4668-BE54-9A1E7A4F7556}") = "Day-02", "Day-02\Day-02.csproj", "{FEF22538-CEF1-4849-AFDE-4DB125470A3A}"
EndProject
Global
	GlobalSection(SolutionConfigurationPlatforms) = preSolution
		Debug|Any CPU = Debug|Any CPU
		Release|Any CPU = Release|Any CPU
	EndGlobalSection
	GlobalSection(ProjectConfigurationPlatforms) = postSolution
		{2F3CBA2B-DBC8-4F2B-BEDF-A57D506A475B}.Debug|Any CPU.ActiveCfg = Debug|Any CPU
		{2F3CBA2B-DBC8-4F2B-BEDF-A57D506A475B}.Debug|Any CPU.Build.0 = Debug|Any CPU
		{2F3CBA2B-DBC8-4F2B-BEDF-A57D506A475B}.Release|Any CPU.ActiveCfg = Release|Any CPU
		{2F3CBA2B-DBC8-4F2B-BEDF-A57D506A475B}.Release|Any CPU.Build.0 = Release|Any CPU
		{9CA86F81-3986-4C48-B80C-670082F5EA12}.Debug|Any CPU.ActiveCfg = Debug|Any CPU
		{9CA86F81-3986-4C48-B80C-670082F5EA12}.Debug|Any CPU.Build.0 = Debug|Any CPU
		{9CA86F81-3986-4C48-B80C-670082F5EA12}.Release|Any CPU.ActiveCfg = Release|Any CPU
		{9CA86F81-3986-4C48-B80C-670082F5EA12}.Release|Any CPU.Build.0 = Release|Any CPU
		{FEF22538-CEF1-4849-AFDE-4DB125470A3A}.Debug|Any CPU.ActiveCfg = Debug|Any CPU
		{FEF22538-CEF1-4849-AFDE-4DB125470A3A}.Debug|Any CPU.Build.0 = Debug|Any CPU
		{FEF22538-CEF1-4849-AFDE-4DB125470A3A}.Release|Any CPU.ActiveCfg = Release|Any CPU
		{FEF22538-CEF1-4849-AFDE-4DB125470A3A}.Release|Any CPU.Build.0 = Release|Any CPU
	EndGlobalSection
	GlobalSection(SolutionProperties) = preSolution
		HideSolutionNode = FALSE
	EndGlobalSection
	GlobalSection(ExtensibilityGlobals) = postSolution
		SolutionGuid = {89AC812B-B99C-4D91-A43D-71CE8D8D6D64}
	EndGlobalSection
EndGlobal
